
Microsoft Visual Studio Solution File, Format Version 12.00
# Visual Studio Version 16
VisualStudioVersion = 16.0.29613.14
MinimumVisualStudioVersion = 10.0.40219.1
Project("{FAE04EC0-301F-11D3-BF4B-00C04F79EFBC}") = "Harmony", "Harmony\Harmony.csproj", "{76ED2050-677D-4F7E-B4F3-8CE513580FE1}"
EndProject
Global
	GlobalSection(SolutionConfigurationPlatforms) = preSolution
		Debug|Any CPU = Debug|Any CPU
		Release|Any CPU = Release|Any CPU
	EndGlobalSection
	GlobalSection(ProjectConfigurationPlatforms) = postSolution
		{76ED2050-677D-4F7E-B4F3-8CE513580FE1}.Debug|Any CPU.ActiveCfg = Debug|Any CPU
		{76ED2050-677D-4F7E-B4F3-8CE513580FE1}.Debug|Any CPU.Build.0 = Debug|Any CPU
		{76ED2050-677D-4F7E-B4F3-8CE513580FE1}.Release|Any CPU.ActiveCfg = Release|Any CPU
		{76ED2050-677D-4F7E-B4F3-8CE513580FE1}.Release|Any CPU.Build.0 = Release|Any CPU
	EndGlobalSection
	GlobalSection(SolutionProperties) = preSolution
		HideSolutionNode = FALSE
	EndGlobalSection
	GlobalSection(ExtensibilityGlobals) = postSolution
		SolutionGuid = {99A4A05B-7CAC-42CE-B259-EEF3071FEE4B}
	EndGlobalSection
EndGlobal
